// !$*UTF8*$!
{
	archiveVersion = 1;
	classes = {
	};
	objectVersion = 46;
	objects = {

/* Begin PBXBuildFile section */
		0723E58813B7486700DECC2C /* NotifyViewController.m in Sources */ = {isa = PBXBuildFile; fileRef = 0723E58613B7486700DECC2C /* NotifyViewController.m */; };
		0723E59613B7491400DECC2C /* EditViewController.m in Sources */ = {isa = PBXBuildFile; fileRef = 0723E59413B7491300DECC2C /* EditViewController.m */; };
		0723E59C13B7492000DECC2C /* SettingView.xib in Resources */ = {isa = PBXBuildFile; fileRef = 0723E59A13B7492000DECC2C /* SettingView.xib */; };
		0723E5A013B7496600DECC2C /* InfoViewController.m in Sources */ = {isa = PBXBuildFile; fileRef = 0723E59E13B7496600DECC2C /* InfoViewController.m */; };
		0723E5A113B7496600DECC2C /* InfoView.xib in Resources */ = {isa = PBXBuildFile; fileRef = 0723E59F13B7496600DECC2C /* InfoView.xib */; };
		0723E5A413B74B0200DECC2C /* SettingViewController.m in Sources */ = {isa = PBXBuildFile; fileRef = 0723E5A313B74B0200DECC2C /* SettingViewController.m */; };
		0723E5AA13B74BAE00DECC2C /* CalendarViewController.m in Sources */ = {isa = PBXBuildFile; fileRef = 0723E5A813B74BAE00DECC2C /* CalendarViewController.m */; };
		0723E5AB13B74BAE00DECC2C /* CalendarView.xib in Resources */ = {isa = PBXBuildFile; fileRef = 0723E5A913B74BAE00DECC2C /* CalendarView.xib */; };
		073E2C2113BC4B870094B1C3 /* Notification.m in Sources */ = {isa = PBXBuildFile; fileRef = 073E2C2013BC4B860094B1C3 /* Notification.m */; };
		0745F8C61431C4A30084CD0B /* SenTestingKit.framework in Frameworks */ = {isa = PBXBuildFile; fileRef = 0745F8C51431C4A30084CD0B /* SenTestingKit.framework */; };
		0745F8C71431C4A30084CD0B /* UIKit.framework in Frameworks */ = {isa = PBXBuildFile; fileRef = 07C58BFE13B74001002832EE /* UIKit.framework */; };
		0745F8C81431C4A30084CD0B /* Foundation.framework in Frameworks */ = {isa = PBXBuildFile; fileRef = 07C58C0013B74001002832EE /* Foundation.framework */; };
		0745F8C91431C4A30084CD0B /* CoreGraphics.framework in Frameworks */ = {isa = PBXBuildFile; fileRef = 07C58C0213B74001002832EE /* CoreGraphics.framework */; };
		0745F8CF1431C4A30084CD0B /* InfoPlist.strings in Resources */ = {isa = PBXBuildFile; fileRef = 0745F8CD1431C4A30084CD0B /* InfoPlist.strings */; };
		0745F8D11431C4A30084CD0B /* LogicTest.h in Resources */ = {isa = PBXBuildFile; fileRef = 0745F8D01431C4A30084CD0B /* LogicTest.h */; };
		0745F8D31431C4A30084CD0B /* LogicTest.m in Sources */ = {isa = PBXBuildFile; fileRef = 0745F8D21431C4A30084CD0B /* LogicTest.m */; };
		0745F8E01431F6710084CD0B /* EditView.xib in Resources */ = {isa = PBXBuildFile; fileRef = 0745F8E21431F6710084CD0B /* EditView.xib */; };
		0745F8EA1432E6600084CD0B /* PeriodPicker.m in Sources */ = {isa = PBXBuildFile; fileRef = 0745F8E91432E6600084CD0B /* PeriodPicker.m */; };
		0745F8ED1432F42E0084CD0B /* NotifyPicker.m in Sources */ = {isa = PBXBuildFile; fileRef = 0745F8EC1432F42D0084CD0B /* NotifyPicker.m */; };
		0745F8F0143301C10084CD0B /* NotificationDatePicker.m in Sources */ = {isa = PBXBuildFile; fileRef = 0745F8EF143301C00084CD0B /* NotificationDatePicker.m */; };
		0745F8F314330F0F0084CD0B /* NotificationManager.m in Sources */ = {isa = PBXBuildFile; fileRef = 0745F8F214330F0F0084CD0B /* NotificationManager.m */; };
		0745F8FA143316B70084CD0B /* KWSingleton.m in Sources */ = {isa = PBXBuildFile; fileRef = 0745F8F9143316B70084CD0B /* KWSingleton.m */; };
		0754B70213C80146002E68B0 /* EditIconToggle.m in Sources */ = {isa = PBXBuildFile; fileRef = 0754B70113C80146002E68B0 /* EditIconToggle.m */; };
		0765ACD413C6630B001B03F8 /* EditTableCellViewController.m in Sources */ = {isa = PBXBuildFile; fileRef = 0765ACD313C6630B001B03F8 /* EditTableCellViewController.m */; };
		077E478A13C9188500BB3BF3 /* DatePatch.m in Sources */ = {isa = PBXBuildFile; fileRef = 077E478913C9188400BB3BF3 /* DatePatch.m */; };
		077E478E13C9195800BB3BF3 /* RelativeDateTime.m in Sources */ = {isa = PBXBuildFile; fileRef = 077E478D13C9195800BB3BF3 /* RelativeDateTime.m */; };
		078F7F47143A932700F6DCFF /* NotifyView.xib in Resources */ = {isa = PBXBuildFile; fileRef = 078F7F46143A932700F6DCFF /* NotifyView.xib */; };
		0797740513C4B85D00DDE138 /* EditTableCell.xib in Resources */ = {isa = PBXBuildFile; fileRef = 0797740313C4B85D00DDE138 /* EditTableCell.xib */; };
		0797742313C4BBC100DDE138 /* bell.png in Resources */ = {isa = PBXBuildFile; fileRef = 0797740B13C4BBC100DDE138 /* bell.png */; };
		0797742413C4BBC100DDE138 /* bell@2x.png in Resources */ = {isa = PBXBuildFile; fileRef = 0797740C13C4BBC100DDE138 /* bell@2x.png */; };
		0797742513C4BBC100DDE138 /* book_off.png in Resources */ = {isa = PBXBuildFile; fileRef = 0797740D13C4BBC100DDE138 /* book_off.png */; };
		0797742613C4BBC100DDE138 /* book_off@2x.png in Resources */ = {isa = PBXBuildFile; fileRef = 0797740E13C4BBC100DDE138 /* book_off@2x.png */; };
		0797742713C4BBC100DDE138 /* book_on.png in Resources */ = {isa = PBXBuildFile; fileRef = 0797740F13C4BBC100DDE138 /* book_on.png */; };
		0797742813C4BBC100DDE138 /* book_on@2x.png in Resources */ = {isa = PBXBuildFile; fileRef = 0797741013C4BBC100DDE138 /* book_on@2x.png */; };
		0797742913C4BBC100DDE138 /* btn_next.png in Resources */ = {isa = PBXBuildFile; fileRef = 0797741113C4BBC100DDE138 /* btn_next.png */; };
		0797742A13C4BBC100DDE138 /* btn_next@2x.png in Resources */ = {isa = PBXBuildFile; fileRef = 0797741213C4BBC100DDE138 /* btn_next@2x.png */; };
		0797742B13C4BBC100DDE138 /* btn_prev.png in Resources */ = {isa = PBXBuildFile; fileRef = 0797741313C4BBC100DDE138 /* btn_prev.png */; };
		0797742C13C4BBC100DDE138 /* btn_prev@2x.png in Resources */ = {isa = PBXBuildFile; fileRef = 0797741413C4BBC100DDE138 /* btn_prev@2x.png */; };
		0797742D13C4BBC100DDE138 /* dvd_off.png in Resources */ = {isa = PBXBuildFile; fileRef = 0797741513C4BBC100DDE138 /* dvd_off.png */; };
		0797742E13C4BBC100DDE138 /* dvd_off@2k.png in Resources */ = {isa = PBXBuildFile; fileRef = 0797741613C4BBC100DDE138 /* dvd_off@2k.png */; };
		0797742F13C4BBC100DDE138 /* dvd_on.png in Resources */ = {isa = PBXBuildFile; fileRef = 0797741713C4BBC100DDE138 /* dvd_on.png */; };
		0797743013C4BBC100DDE138 /* dvd_on@2x.png in Resources */ = {isa = PBXBuildFile; fileRef = 0797741813C4BBC100DDE138 /* dvd_on@2x.png */; };
		0797743113C4BBC100DDE138 /* movie_off.png in Resources */ = {isa = PBXBuildFile; fileRef = 0797741913C4BBC100DDE138 /* movie_off.png */; };
		0797743213C4BBC100DDE138 /* movie_off@2x.png in Resources */ = {isa = PBXBuildFile; fileRef = 0797741A13C4BBC100DDE138 /* movie_off@2x.png */; };
		0797743313C4BBC100DDE138 /* movie_on.png in Resources */ = {isa = PBXBuildFile; fileRef = 0797741B13C4BBC100DDE138 /* movie_on.png */; };
		0797743413C4BBC100DDE138 /* movie_on@2x.png in Resources */ = {isa = PBXBuildFile; fileRef = 0797741C13C4BBC100DDE138 /* movie_on@2x.png */; };
		0797743513C4BBC100DDE138 /* off.png in Resources */ = {isa = PBXBuildFile; fileRef = 0797741D13C4BBC100DDE138 /* off.png */; };
		0797743613C4BBC100DDE138 /* off@2x.png in Resources */ = {isa = PBXBuildFile; fileRef = 0797741E13C4BBC100DDE138 /* off@2x.png */; };
		0797743713C4BBC100DDE138 /* on.png in Resources */ = {isa = PBXBuildFile; fileRef = 0797741F13C4BBC100DDE138 /* on.png */; };
		0797743813C4BBC100DDE138 /* on@2x.png in Resources */ = {isa = PBXBuildFile; fileRef = 0797742013C4BBC100DDE138 /* on@2x.png */; };
		0797743913C4BBC100DDE138 /* return.png in Resources */ = {isa = PBXBuildFile; fileRef = 0797742113C4BBC100DDE138 /* return.png */; };
		0797743A13C4BBC100DDE138 /* return@2x.png in Resources */ = {isa = PBXBuildFile; fileRef = 0797742213C4BBC100DDE138 /* return@2x.png */; };
		0797743F13C4C28900DDE138 /* UIToggle.m in Sources */ = {isa = PBXBuildFile; fileRef = 0797743E13C4C28900DDE138 /* UIToggle.m */; };
		07C58BFF13B74001002832EE /* UIKit.framework in Frameworks */ = {isa = PBXBuildFile; fileRef = 07C58BFE13B74001002832EE /* UIKit.framework */; };
		07C58C0113B74001002832EE /* Foundation.framework in Frameworks */ = {isa = PBXBuildFile; fileRef = 07C58C0013B74001002832EE /* Foundation.framework */; };
		07C58C0313B74001002832EE /* CoreGraphics.framework in Frameworks */ = {isa = PBXBuildFile; fileRef = 07C58C0213B74001002832EE /* CoreGraphics.framework */; };
		07C58C0913B74001002832EE /* InfoPlist.strings in Resources */ = {isa = PBXBuildFile; fileRef = 07C58C0713B74001002832EE /* InfoPlist.strings */; };
		07C58C0C13B74001002832EE /* main.m in Sources */ = {isa = PBXBuildFile; fileRef = 07C58C0B13B74001002832EE /* main.m */; };
		07C58C0F13B74001002832EE /* RentalDayNotifierAppDelegate.m in Sources */ = {isa = PBXBuildFile; fileRef = 07C58C0E13B74001002832EE /* RentalDayNotifierAppDelegate.m */; };
		07C58C1213B74001002832EE /* MainWindow.xib in Resources */ = {isa = PBXBuildFile; fileRef = 07C58C1013B74001002832EE /* MainWindow.xib */; };
		07C58C1513B74002002832EE /* FirstViewController.m in Sources */ = {isa = PBXBuildFile; fileRef = 07C58C1413B74002002832EE /* FirstViewController.m */; };
		07C58C1813B74002002832EE /* SecondViewController.m in Sources */ = {isa = PBXBuildFile; fileRef = 07C58C1713B74002002832EE /* SecondViewController.m */; };
		07C58C1B13B74002002832EE /* FirstView.xib in Resources */ = {isa = PBXBuildFile; fileRef = 07C58C1913B74002002832EE /* FirstView.xib */; };
		07C58C1E13B74002002832EE /* SecondView.xib in Resources */ = {isa = PBXBuildFile; fileRef = 07C58C1C13B74002002832EE /* SecondView.xib */; };
/* End PBXBuildFile section */

/* Begin PBXFileReference section */
		0723E58513B7486700DECC2C /* NotifyViewController.h */ = {isa = PBXFileReference; fileEncoding = 4; lastKnownFileType = sourcecode.c.h; path = NotifyViewController.h; sourceTree = "<group>"; };
		0723E58613B7486700DECC2C /* NotifyViewController.m */ = {isa = PBXFileReference; fileEncoding = 4; lastKnownFileType = sourcecode.c.objc; path = NotifyViewController.m; sourceTree = "<group>"; };
		0723E59313B7491300DECC2C /* EditViewController.h */ = {isa = PBXFileReference; fileEncoding = 4; lastKnownFileType = sourcecode.c.h; path = EditViewController.h; sourceTree = "<group>"; };
		0723E59413B7491300DECC2C /* EditViewController.m */ = {isa = PBXFileReference; fileEncoding = 4; lastKnownFileType = sourcecode.c.objc; path = EditViewController.m; sourceTree = "<group>"; };
		0723E59A13B7492000DECC2C /* SettingView.xib */ = {isa = PBXFileReference; fileEncoding = 4; lastKnownFileType = file.xib; path = SettingView.xib; sourceTree = "<group>"; };
		0723E59D13B7496600DECC2C /* InfoViewController.h */ = {isa = PBXFileReference; fileEncoding = 4; lastKnownFileType = sourcecode.c.h; path = InfoViewController.h; sourceTree = "<group>"; };
		0723E59E13B7496600DECC2C /* InfoViewController.m */ = {isa = PBXFileReference; fileEncoding = 4; lastKnownFileType = sourcecode.c.objc; path = InfoViewController.m; sourceTree = "<group>"; };
		0723E59F13B7496600DECC2C /* InfoView.xib */ = {isa = PBXFileReference; fileEncoding = 4; lastKnownFileType = file.xib; path = InfoView.xib; sourceTree = "<group>"; };
		0723E5A213B74B0200DECC2C /* SettingViewController.h */ = {isa = PBXFileReference; fileEncoding = 4; lastKnownFileType = sourcecode.c.h; name = SettingViewController.h; path = RentalDayNotifier/SettingViewController.h; sourceTree = "<group>"; };
		0723E5A313B74B0200DECC2C /* SettingViewController.m */ = {isa = PBXFileReference; fileEncoding = 4; lastKnownFileType = sourcecode.c.objc; name = SettingViewController.m; path = RentalDayNotifier/SettingViewController.m; sourceTree = "<group>"; };
		0723E5A713B74BAE00DECC2C /* CalendarViewController.h */ = {isa = PBXFileReference; fileEncoding = 4; lastKnownFileType = sourcecode.c.h; path = CalendarViewController.h; sourceTree = "<group>"; };
		0723E5A813B74BAE00DECC2C /* CalendarViewController.m */ = {isa = PBXFileReference; fileEncoding = 4; lastKnownFileType = sourcecode.c.objc; path = CalendarViewController.m; sourceTree = "<group>"; };
		0723E5A913B74BAE00DECC2C /* CalendarView.xib */ = {isa = PBXFileReference; fileEncoding = 4; lastKnownFileType = file.xib; path = CalendarView.xib; sourceTree = "<group>"; };
		073E2C1F13BC4B860094B1C3 /* Notification.h */ = {isa = PBXFileReference; fileEncoding = 4; lastKnownFileType = sourcecode.c.h; path = Notification.h; sourceTree = "<group>"; };
		073E2C2013BC4B860094B1C3 /* Notification.m */ = {isa = PBXFileReference; fileEncoding = 4; lastKnownFileType = sourcecode.c.objc; path = Notification.m; sourceTree = "<group>"; };
		0745F8C41431C4A30084CD0B /* LogicTest.octest */ = {isa = PBXFileReference; explicitFileType = wrapper.cfbundle; includeInIndex = 0; path = LogicTest.octest; sourceTree = BUILT_PRODUCTS_DIR; };
		0745F8C51431C4A30084CD0B /* SenTestingKit.framework */ = {isa = PBXFileReference; lastKnownFileType = wrapper.framework; name = SenTestingKit.framework; path = Library/Frameworks/SenTestingKit.framework; sourceTree = DEVELOPER_DIR; };
		0745F8CC1431C4A30084CD0B /* LogicTest-Info.plist */ = {isa = PBXFileReference; lastKnownFileType = text.plist.xml; path = "LogicTest-Info.plist"; sourceTree = "<group>"; };
		0745F8CE1431C4A30084CD0B /* en */ = {isa = PBXFileReference; lastKnownFileType = text.plist.strings; name = en; path = en.lproj/InfoPlist.strings; sourceTree = "<group>"; };
		0745F8D01431C4A30084CD0B /* LogicTest.h */ = {isa = PBXFileReference; lastKnownFileType = sourcecode.c.h; path = LogicTest.h; sourceTree = "<group>"; };
		0745F8D21431C4A30084CD0B /* LogicTest.m */ = {isa = PBXFileReference; lastKnownFileType = sourcecode.c.objc; path = LogicTest.m; sourceTree = "<group>"; };
		0745F8D41431C4A30084CD0B /* LogicTest-Prefix.pch */ = {isa = PBXFileReference; lastKnownFileType = sourcecode.c.h; path = "LogicTest-Prefix.pch"; sourceTree = "<group>"; };
		0745F8DF1431F6680084CD0B /* ja */ = {isa = PBXFileReference; lastKnownFileType = file.xib; name = ja; path = ja.lproj/MainWindow.xib; sourceTree = "<group>"; };
		0745F8E11431F6710084CD0B /* en */ = {isa = PBXFileReference; lastKnownFileType = file.xib; name = en; path = en.lproj/EditView.xib; sourceTree = "<group>"; };
		0745F8E31431F67B0084CD0B /* ja */ = {isa = PBXFileReference; lastKnownFileType = file.xib; name = ja; path = ja.lproj/EditView.xib; sourceTree = "<group>"; };
		0745F8E81432E6600084CD0B /* PeriodPicker.h */ = {isa = PBXFileReference; fileEncoding = 4; lastKnownFileType = sourcecode.c.h; path = PeriodPicker.h; sourceTree = "<group>"; };
		0745F8E91432E6600084CD0B /* PeriodPicker.m */ = {isa = PBXFileReference; fileEncoding = 4; lastKnownFileType = sourcecode.c.objc; path = PeriodPicker.m; sourceTree = "<group>"; };
		0745F8EB1432F42D0084CD0B /* NotifyPicker.h */ = {isa = PBXFileReference; fileEncoding = 4; lastKnownFileType = sourcecode.c.h; path = NotifyPicker.h; sourceTree = "<group>"; };
		0745F8EC1432F42D0084CD0B /* NotifyPicker.m */ = {isa = PBXFileReference; fileEncoding = 4; lastKnownFileType = sourcecode.c.objc; path = NotifyPicker.m; sourceTree = "<group>"; };
		0745F8EE143301C00084CD0B /* NotificationDatePicker.h */ = {isa = PBXFileReference; fileEncoding = 4; lastKnownFileType = sourcecode.c.h; path = NotificationDatePicker.h; sourceTree = "<group>"; };
		0745F8EF143301C00084CD0B /* NotificationDatePicker.m */ = {isa = PBXFileReference; fileEncoding = 4; lastKnownFileType = sourcecode.c.objc; path = NotificationDatePicker.m; sourceTree = "<group>"; };
		0745F8F114330F0F0084CD0B /* NotificationManager.h */ = {isa = PBXFileReference; fileEncoding = 4; lastKnownFileType = sourcecode.c.h; path = NotificationManager.h; sourceTree = "<group>"; };
		0745F8F214330F0F0084CD0B /* NotificationManager.m */ = {isa = PBXFileReference; fileEncoding = 4; lastKnownFileType = sourcecode.c.objc; path = NotificationManager.m; sourceTree = "<group>"; };
		0745F8F8143316B70084CD0B /* KWSingleton.h */ = {isa = PBXFileReference; fileEncoding = 4; lastKnownFileType = sourcecode.c.h; path = KWSingleton.h; sourceTree = "<group>"; };
		0745F8F9143316B70084CD0B /* KWSingleton.m */ = {isa = PBXFileReference; fileEncoding = 4; lastKnownFileType = sourcecode.c.objc; path = KWSingleton.m; sourceTree = "<group>"; };
		0754B70013C80146002E68B0 /* EditIconToggle.h */ = {isa = PBXFileReference; fileEncoding = 4; lastKnownFileType = sourcecode.c.h; path = EditIconToggle.h; sourceTree = "<group>"; };
		0754B70113C80146002E68B0 /* EditIconToggle.m */ = {isa = PBXFileReference; fileEncoding = 4; lastKnownFileType = sourcecode.c.objc; path = EditIconToggle.m; sourceTree = "<group>"; };
		0765ACD213C6630B001B03F8 /* EditTableCellViewController.h */ = {isa = PBXFileReference; fileEncoding = 4; lastKnownFileType = sourcecode.c.h; path = EditTableCellViewController.h; sourceTree = "<group>"; };
		0765ACD313C6630B001B03F8 /* EditTableCellViewController.m */ = {isa = PBXFileReference; fileEncoding = 4; lastKnownFileType = sourcecode.c.objc; path = EditTableCellViewController.m; sourceTree = "<group>"; };
		077E478813C9188400BB3BF3 /* DatePatch.h */ = {isa = PBXFileReference; fileEncoding = 4; lastKnownFileType = sourcecode.c.h; path = DatePatch.h; sourceTree = "<group>"; };
		077E478913C9188400BB3BF3 /* DatePatch.m */ = {isa = PBXFileReference; fileEncoding = 4; lastKnownFileType = sourcecode.c.objc; path = DatePatch.m; sourceTree = "<group>"; };
		077E478C13C9195800BB3BF3 /* RelativeDateTime.h */ = {isa = PBXFileReference; fileEncoding = 4; lastKnownFileType = sourcecode.c.h; path = RelativeDateTime.h; sourceTree = "<group>"; };
		077E478D13C9195800BB3BF3 /* RelativeDateTime.m */ = {isa = PBXFileReference; fileEncoding = 4; lastKnownFileType = sourcecode.c.objc; path = RelativeDateTime.m; sourceTree = "<group>"; };
		078F7F46143A932700F6DCFF /* NotifyView.xib */ = {isa = PBXFileReference; fileEncoding = 4; lastKnownFileType = file.xib; path = NotifyView.xib; sourceTree = "<group>"; };
		0797740313C4B85D00DDE138 /* EditTableCell.xib */ = {isa = PBXFileReference; fileEncoding = 4; lastKnownFileType = file.xib; path = EditTableCell.xib; sourceTree = "<group>"; };
		0797740B13C4BBC100DDE138 /* bell.png */ = {isa = PBXFileReference; lastKnownFileType = image.png; path = bell.png; sourceTree = "<group>"; };
		0797740C13C4BBC100DDE138 /* bell@2x.png */ = {isa = PBXFileReference; lastKnownFileType = image.png; path = "bell@2x.png"; sourceTree = "<group>"; };
		0797740D13C4BBC100DDE138 /* book_off.png */ = {isa = PBXFileReference; lastKnownFileType = image.png; path = book_off.png; sourceTree = "<group>"; };
		0797740E13C4BBC100DDE138 /* book_off@2x.png */ = {isa = PBXFileReference; lastKnownFileType = image.png; path = "book_off@2x.png"; sourceTree = "<group>"; };
		0797740F13C4BBC100DDE138 /* book_on.png */ = {isa = PBXFileReference; lastKnownFileType = image.png; path = book_on.png; sourceTree = "<group>"; };
		0797741013C4BBC100DDE138 /* book_on@2x.png */ = {isa = PBXFileReference; lastKnownFileType = image.png; path = "book_on@2x.png"; sourceTree = "<group>"; };
		0797741113C4BBC100DDE138 /* btn_next.png */ = {isa = PBXFileReference; lastKnownFileType = image.png; path = btn_next.png; sourceTree = "<group>"; };
		0797741213C4BBC100DDE138 /* btn_next@2x.png */ = {isa = PBXFileReference; lastKnownFileType = image.png; path = "btn_next@2x.png"; sourceTree = "<group>"; };
		0797741313C4BBC100DDE138 /* btn_prev.png */ = {isa = PBXFileReference; lastKnownFileType = image.png; path = btn_prev.png; sourceTree = "<group>"; };
		0797741413C4BBC100DDE138 /* btn_prev@2x.png */ = {isa = PBXFileReference; lastKnownFileType = image.png; path = "btn_prev@2x.png"; sourceTree = "<group>"; };
		0797741513C4BBC100DDE138 /* dvd_off.png */ = {isa = PBXFileReference; lastKnownFileType = image.png; path = dvd_off.png; sourceTree = "<group>"; };
		0797741613C4BBC100DDE138 /* dvd_off@2k.png */ = {isa = PBXFileReference; lastKnownFileType = image.png; path = "dvd_off@2k.png"; sourceTree = "<group>"; };
		0797741713C4BBC100DDE138 /* dvd_on.png */ = {isa = PBXFileReference; lastKnownFileType = image.png; path = dvd_on.png; sourceTree = "<group>"; };
		0797741813C4BBC100DDE138 /* dvd_on@2x.png */ = {isa = PBXFileReference; lastKnownFileType = image.png; path = "dvd_on@2x.png"; sourceTree = "<group>"; };
		0797741913C4BBC100DDE138 /* movie_off.png */ = {isa = PBXFileReference; lastKnownFileType = image.png; path = movie_off.png; sourceTree = "<group>"; };
		0797741A13C4BBC100DDE138 /* movie_off@2x.png */ = {isa = PBXFileReference; lastKnownFileType = image.png; path = "movie_off@2x.png"; sourceTree = "<group>"; };
		0797741B13C4BBC100DDE138 /* movie_on.png */ = {isa = PBXFileReference; lastKnownFileType = image.png; path = movie_on.png; sourceTree = "<group>"; };
		0797741C13C4BBC100DDE138 /* movie_on@2x.png */ = {isa = PBXFileReference; lastKnownFileType = image.png; path = "movie_on@2x.png"; sourceTree = "<group>"; };
		0797741D13C4BBC100DDE138 /* off.png */ = {isa = PBXFileReference; lastKnownFileType = image.png; path = off.png; sourceTree = "<group>"; };
		0797741E13C4BBC100DDE138 /* off@2x.png */ = {isa = PBXFileReference; lastKnownFileType = image.png; path = "off@2x.png"; sourceTree = "<group>"; };
		0797741F13C4BBC100DDE138 /* on.png */ = {isa = PBXFileReference; lastKnownFileType = image.png; path = on.png; sourceTree = "<group>"; };
		0797742013C4BBC100DDE138 /* on@2x.png */ = {isa = PBXFileReference; lastKnownFileType = image.png; path = "on@2x.png"; sourceTree = "<group>"; };
		0797742113C4BBC100DDE138 /* return.png */ = {isa = PBXFileReference; lastKnownFileType = image.png; path = return.png; sourceTree = "<group>"; };
		0797742213C4BBC100DDE138 /* return@2x.png */ = {isa = PBXFileReference; lastKnownFileType = image.png; path = "return@2x.png"; sourceTree = "<group>"; };
		0797743D13C4C28900DDE138 /* UIToggle.h */ = {isa = PBXFileReference; fileEncoding = 4; lastKnownFileType = sourcecode.c.h; path = UIToggle.h; sourceTree = "<group>"; };
		0797743E13C4C28900DDE138 /* UIToggle.m */ = {isa = PBXFileReference; fileEncoding = 4; lastKnownFileType = sourcecode.c.objc; path = UIToggle.m; sourceTree = "<group>"; };
		07C58BFA13B74001002832EE /* RentalDayNotifier.app */ = {isa = PBXFileReference; explicitFileType = wrapper.application; includeInIndex = 0; path = RentalDayNotifier.app; sourceTree = BUILT_PRODUCTS_DIR; };
		07C58BFE13B74001002832EE /* UIKit.framework */ = {isa = PBXFileReference; lastKnownFileType = wrapper.framework; name = UIKit.framework; path = System/Library/Frameworks/UIKit.framework; sourceTree = SDKROOT; };
		07C58C0013B74001002832EE /* Foundation.framework */ = {isa = PBXFileReference; lastKnownFileType = wrapper.framework; name = Foundation.framework; path = System/Library/Frameworks/Foundation.framework; sourceTree = SDKROOT; };
		07C58C0213B74001002832EE /* CoreGraphics.framework */ = {isa = PBXFileReference; lastKnownFileType = wrapper.framework; name = CoreGraphics.framework; path = System/Library/Frameworks/CoreGraphics.framework; sourceTree = SDKROOT; };
		07C58C0613B74001002832EE /* RentalDayNotifier-Info.plist */ = {isa = PBXFileReference; lastKnownFileType = text.plist.xml; path = "RentalDayNotifier-Info.plist"; sourceTree = "<group>"; };
		07C58C0813B74001002832EE /* en */ = {isa = PBXFileReference; lastKnownFileType = text.plist.strings; name = en; path = en.lproj/InfoPlist.strings; sourceTree = "<group>"; };
		07C58C0A13B74001002832EE /* RentalDayNotifier-Prefix.pch */ = {isa = PBXFileReference; lastKnownFileType = sourcecode.c.h; path = "RentalDayNotifier-Prefix.pch"; sourceTree = "<group>"; };
		07C58C0B13B74001002832EE /* main.m */ = {isa = PBXFileReference; lastKnownFileType = sourcecode.c.objc; path = main.m; sourceTree = "<group>"; };
		07C58C0D13B74001002832EE /* RentalDayNotifierAppDelegate.h */ = {isa = PBXFileReference; lastKnownFileType = sourcecode.c.h; path = RentalDayNotifierAppDelegate.h; sourceTree = "<group>"; };
		07C58C0E13B74001002832EE /* RentalDayNotifierAppDelegate.m */ = {isa = PBXFileReference; lastKnownFileType = sourcecode.c.objc; path = RentalDayNotifierAppDelegate.m; sourceTree = "<group>"; };
		07C58C1113B74001002832EE /* en */ = {isa = PBXFileReference; lastKnownFileType = file.xib; name = en; path = en.lproj/MainWindow.xib; sourceTree = "<group>"; };
		07C58C1313B74002002832EE /* FirstViewController.h */ = {isa = PBXFileReference; lastKnownFileType = sourcecode.c.h; path = FirstViewController.h; sourceTree = "<group>"; };
		07C58C1413B74002002832EE /* FirstViewController.m */ = {isa = PBXFileReference; lastKnownFileType = sourcecode.c.objc; path = FirstViewController.m; sourceTree = "<group>"; };
		07C58C1613B74002002832EE /* SecondViewController.h */ = {isa = PBXFileReference; lastKnownFileType = sourcecode.c.h; path = SecondViewController.h; sourceTree = "<group>"; };
		07C58C1713B74002002832EE /* SecondViewController.m */ = {isa = PBXFileReference; lastKnownFileType = sourcecode.c.objc; path = SecondViewController.m; sourceTree = "<group>"; };
		07C58C1A13B74002002832EE /* en */ = {isa = PBXFileReference; lastKnownFileType = file.xib; name = en; path = en.lproj/FirstView.xib; sourceTree = "<group>"; };
		07C58C1D13B74002002832EE /* en */ = {isa = PBXFileReference; lastKnownFileType = file.xib; name = en; path = en.lproj/SecondView.xib; sourceTree = "<group>"; };
/* End PBXFileReference section */

/* Begin PBXFrameworksBuildPhase section */
		0745F8C01431C4A30084CD0B /* Frameworks */ = {
			isa = PBXFrameworksBuildPhase;
			buildActionMask = 2147483647;
			files = (
				0745F8C61431C4A30084CD0B /* SenTestingKit.framework in Frameworks */,
				0745F8C71431C4A30084CD0B /* UIKit.framework in Frameworks */,
				0745F8C81431C4A30084CD0B /* Foundation.framework in Frameworks */,
				0745F8C91431C4A30084CD0B /* CoreGraphics.framework in Frameworks */,
			);
			runOnlyForDeploymentPostprocessing = 0;
		};
		07C58BF713B74001002832EE /* Frameworks */ = {
			isa = PBXFrameworksBuildPhase;
			buildActionMask = 2147483647;
			files = (
				07C58BFF13B74001002832EE /* UIKit.framework in Frameworks */,
				07C58C0113B74001002832EE /* Foundation.framework in Frameworks */,
				07C58C0313B74001002832EE /* CoreGraphics.framework in Frameworks */,
			);
			runOnlyForDeploymentPostprocessing = 0;
		};
/* End PBXFrameworksBuildPhase section */

/* Begin PBXGroup section */
		0723E58313B7484900DECC2C /* notify */ = {
			isa = PBXGroup;
			children = (
				0723E58513B7486700DECC2C /* NotifyViewController.h */,
				0723E58613B7486700DECC2C /* NotifyViewController.m */,
				078F7F46143A932700F6DCFF /* NotifyView.xib */,
			);
			name = notify;
			sourceTree = "<group>";
		};
		0723E58A13B7487000DECC2C /* calendar */ = {
			isa = PBXGroup;
			children = (
				0723E5A713B74BAE00DECC2C /* CalendarViewController.h */,
				0723E5A813B74BAE00DECC2C /* CalendarViewController.m */,
				0723E5A913B74BAE00DECC2C /* CalendarView.xib */,
			);
			name = calendar;
			sourceTree = "<group>";
		};
		0723E59013B748B700DECC2C /* add */ = {
			isa = PBXGroup;
			children = (
				0723E59313B7491300DECC2C /* EditViewController.h */,
				0723E59413B7491300DECC2C /* EditViewController.m */,
				0745F8E21431F6710084CD0B /* EditView.xib */,
				0797740313C4B85D00DDE138 /* EditTableCell.xib */,
				0765ACD213C6630B001B03F8 /* EditTableCellViewController.h */,
				0765ACD313C6630B001B03F8 /* EditTableCellViewController.m */,
				0754B70013C80146002E68B0 /* EditIconToggle.h */,
				0754B70113C80146002E68B0 /* EditIconToggle.m */,
				0797743D13C4C28900DDE138 /* UIToggle.h */,
				0797743E13C4C28900DDE138 /* UIToggle.m */,
				0745F8E81432E6600084CD0B /* PeriodPicker.h */,
				0745F8E91432E6600084CD0B /* PeriodPicker.m */,
				0745F8EB1432F42D0084CD0B /* NotifyPicker.h */,
				0745F8EC1432F42D0084CD0B /* NotifyPicker.m */,
				0745F8EE143301C00084CD0B /* NotificationDatePicker.h */,
				0745F8EF143301C00084CD0B /* NotificationDatePicker.m */,
			);
			name = add;
			sourceTree = "<group>";
		};
		0723E59113B748D000DECC2C /* setting */ = {
			isa = PBXGroup;
			children = (
				0723E5A213B74B0200DECC2C /* SettingViewController.h */,
				0723E5A313B74B0200DECC2C /* SettingViewController.m */,
				0723E59A13B7492000DECC2C /* SettingView.xib */,
			);
			name = setting;
			path = ..;
			sourceTree = "<group>";
		};
		0723E59213B748E000DECC2C /* info */ = {
			isa = PBXGroup;
			children = (
				0723E59D13B7496600DECC2C /* InfoViewController.h */,
				0723E59E13B7496600DECC2C /* InfoViewController.m */,
				0723E59F13B7496600DECC2C /* InfoView.xib */,
			);
			name = info;
			sourceTree = "<group>";
		};
		0745F8CA1431C4A30084CD0B /* LogicTest */ = {
			isa = PBXGroup;
			children = (
				0745F8D01431C4A30084CD0B /* LogicTest.h */,
				0745F8D21431C4A30084CD0B /* LogicTest.m */,
				0745F8CB1431C4A30084CD0B /* Supporting Files */,
			);
			path = LogicTest;
			sourceTree = "<group>";
		};
		0745F8CB1431C4A30084CD0B /* Supporting Files */ = {
			isa = PBXGroup;
			children = (
				0745F8CC1431C4A30084CD0B /* LogicTest-Info.plist */,
				0745F8CD1431C4A30084CD0B /* InfoPlist.strings */,
				0745F8D41431C4A30084CD0B /* LogicTest-Prefix.pch */,
			);
			name = "Supporting Files";
			sourceTree = "<group>";
		};
		077E478013C9020C00BB3BF3 /* models */ = {
			isa = PBXGroup;
			children = (
				073E2C1F13BC4B860094B1C3 /* Notification.h */,
				073E2C2013BC4B860094B1C3 /* Notification.m */,
				077E478C13C9195800BB3BF3 /* RelativeDateTime.h */,
				077E478D13C9195800BB3BF3 /* RelativeDateTime.m */,
				0745F8F114330F0F0084CD0B /* NotificationManager.h */,
				0745F8F214330F0F0084CD0B /* NotificationManager.m */,
			);
			name = models;
			sourceTree = "<group>";
		};
		077E478B13C9188B00BB3BF3 /* util */ = {
			isa = PBXGroup;
			children = (
				0745F8F8143316B70084CD0B /* KWSingleton.h */,
				0745F8F9143316B70084CD0B /* KWSingleton.m */,
				077E478813C9188400BB3BF3 /* DatePatch.h */,
				077E478913C9188400BB3BF3 /* DatePatch.m */,
			);
			name = util;
			sourceTree = "<group>";
		};
		0797740913C4BB6200DDE138 /* resources */ = {
			isa = PBXGroup;
			children = (
				0797740A13C4BBB700DDE138 /* Icon */,
			);
			name = resources;
			sourceTree = "<group>";
		};
		0797740A13C4BBB700DDE138 /* Icon */ = {
			isa = PBXGroup;
			children = (
				0797740B13C4BBC100DDE138 /* bell.png */,
				0797740C13C4BBC100DDE138 /* bell@2x.png */,
				0797740D13C4BBC100DDE138 /* book_off.png */,
				0797740E13C4BBC100DDE138 /* book_off@2x.png */,
				0797740F13C4BBC100DDE138 /* book_on.png */,
				0797741013C4BBC100DDE138 /* book_on@2x.png */,
				0797741113C4BBC100DDE138 /* btn_next.png */,
				0797741213C4BBC100DDE138 /* btn_next@2x.png */,
				0797741313C4BBC100DDE138 /* btn_prev.png */,
				0797741413C4BBC100DDE138 /* btn_prev@2x.png */,
				0797741513C4BBC100DDE138 /* dvd_off.png */,
				0797741613C4BBC100DDE138 /* dvd_off@2k.png */,
				0797741713C4BBC100DDE138 /* dvd_on.png */,
				0797741813C4BBC100DDE138 /* dvd_on@2x.png */,
				0797741913C4BBC100DDE138 /* movie_off.png */,
				0797741A13C4BBC100DDE138 /* movie_off@2x.png */,
				0797741B13C4BBC100DDE138 /* movie_on.png */,
				0797741C13C4BBC100DDE138 /* movie_on@2x.png */,
				0797741D13C4BBC100DDE138 /* off.png */,
				0797741E13C4BBC100DDE138 /* off@2x.png */,
				0797741F13C4BBC100DDE138 /* on.png */,
				0797742013C4BBC100DDE138 /* on@2x.png */,
				0797742113C4BBC100DDE138 /* return.png */,
				0797742213C4BBC100DDE138 /* return@2x.png */,
			);
			name = Icon;
			sourceTree = "<group>";
		};
		07C58BEF13B74001002832EE = {
			isa = PBXGroup;
			children = (
				07C58C0413B74001002832EE /* RentalDayNotifier */,
				0745F8CA1431C4A30084CD0B /* LogicTest */,
				07C58BFD13B74001002832EE /* Frameworks */,
				07C58BFB13B74001002832EE /* Products */,
			);
			sourceTree = "<group>";
		};
		07C58BFB13B74001002832EE /* Products */ = {
			isa = PBXGroup;
			children = (
				07C58BFA13B74001002832EE /* RentalDayNotifier.app */,
				0745F8C41431C4A30084CD0B /* LogicTest.octest */,
			);
			name = Products;
			sourceTree = "<group>";
		};
		07C58BFD13B74001002832EE /* Frameworks */ = {
			isa = PBXGroup;
			children = (
				07C58BFE13B74001002832EE /* UIKit.framework */,
				07C58C0013B74001002832EE /* Foundation.framework */,
				07C58C0213B74001002832EE /* CoreGraphics.framework */,
				0745F8C51431C4A30084CD0B /* SenTestingKit.framework */,
			);
			name = Frameworks;
			sourceTree = "<group>";
		};
		07C58C0413B74001002832EE /* RentalDayNotifier */ = {
			isa = PBXGroup;
			children = (
				077E478B13C9188B00BB3BF3 /* util */,
				077E478013C9020C00BB3BF3 /* models */,
				0797740913C4BB6200DDE138 /* resources */,
				0723E59013B748B700DECC2C /* add */,
				0723E58313B7484900DECC2C /* notify */,
				0723E58A13B7487000DECC2C /* calendar */,
				0723E59113B748D000DECC2C /* setting */,
				0723E59213B748E000DECC2C /* info */,
				07C58C0D13B74001002832EE /* RentalDayNotifierAppDelegate.h */,
				07C58C0E13B74001002832EE /* RentalDayNotifierAppDelegate.m */,
				07C58C1013B74001002832EE /* MainWindow.xib */,
				07C58C1313B74002002832EE /* FirstViewController.h */,
				07C58C1413B74002002832EE /* FirstViewController.m */,
				07C58C1613B74002002832EE /* SecondViewController.h */,
				07C58C1713B74002002832EE /* SecondViewController.m */,
				07C58C1913B74002002832EE /* FirstView.xib */,
				07C58C1C13B74002002832EE /* SecondView.xib */,
				07C58C0513B74001002832EE /* Supporting Files */,
			);
			path = RentalDayNotifier;
			sourceTree = "<group>";
		};
		07C58C0513B74001002832EE /* Supporting Files */ = {
			isa = PBXGroup;
			children = (
				07C58C0613B74001002832EE /* RentalDayNotifier-Info.plist */,
				07C58C0713B74001002832EE /* InfoPlist.strings */,
				07C58C0A13B74001002832EE /* RentalDayNotifier-Prefix.pch */,
				07C58C0B13B74001002832EE /* main.m */,
			);
			name = "Supporting Files";
			sourceTree = "<group>";
		};
/* End PBXGroup section */

/* Begin PBXNativeTarget section */
		0745F8C31431C4A30084CD0B /* LogicTest */ = {
			isa = PBXNativeTarget;
			buildConfigurationList = 0745F8D51431C4A30084CD0B /* Build configuration list for PBXNativeTarget "LogicTest" */;
			buildPhases = (
				0745F8BF1431C4A30084CD0B /* Sources */,
				0745F8C01431C4A30084CD0B /* Frameworks */,
				0745F8C11431C4A30084CD0B /* Resources */,
				0745F8C21431C4A30084CD0B /* ShellScript */,
			);
			buildRules = (
			);
			dependencies = (
			);
			name = LogicTest;
			productName = LogicTest;
			productReference = 0745F8C41431C4A30084CD0B /* LogicTest.octest */;
			productType = "com.apple.product-type.bundle";
		};
		07C58BF913B74001002832EE /* RentalDayNotifier */ = {
			isa = PBXNativeTarget;
			buildConfigurationList = 07C58C2113B74002002832EE /* Build configuration list for PBXNativeTarget "RentalDayNotifier" */;
			buildPhases = (
				07C58BF613B74001002832EE /* Sources */,
				07C58BF713B74001002832EE /* Frameworks */,
				07C58BF813B74001002832EE /* Resources */,
			);
			buildRules = (
			);
			dependencies = (
			);
			name = RentalDayNotifier;
			productName = RentalDayNotifier;
			productReference = 07C58BFA13B74001002832EE /* RentalDayNotifier.app */;
			productType = "com.apple.product-type.application";
		};
/* End PBXNativeTarget section */

/* Begin PBXProject section */
		07C58BF113B74001002832EE /* Project object */ = {
			isa = PBXProject;
			attributes = {
				ORGANIZATIONNAME = Kawaz;
			};
			buildConfigurationList = 07C58BF413B74001002832EE /* Build configuration list for PBXProject "RentalDayNotifier" */;
			compatibilityVersion = "Xcode 3.2";
			developmentRegion = English;
			hasScannedForEncodings = 0;
			knownRegions = (
				en,
				ja,
			);
			mainGroup = 07C58BEF13B74001002832EE;
			productRefGroup = 07C58BFB13B74001002832EE /* Products */;
			projectDirPath = "";
			projectRoot = "";
			targets = (
				07C58BF913B74001002832EE /* RentalDayNotifier */,
				0745F8C31431C4A30084CD0B /* LogicTest */,
			);
		};
/* End PBXProject section */

/* Begin PBXResourcesBuildPhase section */
		0745F8C11431C4A30084CD0B /* Resources */ = {
			isa = PBXResourcesBuildPhase;
			buildActionMask = 2147483647;
			files = (
				0745F8CF1431C4A30084CD0B /* InfoPlist.strings in Resources */,
				0745F8D11431C4A30084CD0B /* LogicTest.h in Resources */,
			);
			runOnlyForDeploymentPostprocessing = 0;
		};
		07C58BF813B74001002832EE /* Resources */ = {
			isa = PBXResourcesBuildPhase;
			buildActionMask = 2147483647;
			files = (
				07C58C0913B74001002832EE /* InfoPlist.strings in Resources */,
				07C58C1213B74001002832EE /* MainWindow.xib in Resources */,
				07C58C1B13B74002002832EE /* FirstView.xib in Resources */,
				07C58C1E13B74002002832EE /* SecondView.xib in Resources */,
				0723E59C13B7492000DECC2C /* SettingView.xib in Resources */,
				0723E5A113B7496600DECC2C /* InfoView.xib in Resources */,
				0745F8E01431F6710084CD0B /* EditView.xib in Resources */,
				0723E5AB13B74BAE00DECC2C /* CalendarView.xib in Resources */,
				0797740513C4B85D00DDE138 /* EditTableCell.xib in Resources */,
				0797742313C4BBC100DDE138 /* bell.png in Resources */,
				0797742413C4BBC100DDE138 /* bell@2x.png in Resources */,
				0797742513C4BBC100DDE138 /* book_off.png in Resources */,
				0797742613C4BBC100DDE138 /* book_off@2x.png in Resources */,
				0797742713C4BBC100DDE138 /* book_on.png in Resources */,
				0797742813C4BBC100DDE138 /* book_on@2x.png in Resources */,
				0797742913C4BBC100DDE138 /* btn_next.png in Resources */,
				0797742A13C4BBC100DDE138 /* btn_next@2x.png in Resources */,
				0797742B13C4BBC100DDE138 /* btn_prev.png in Resources */,
				0797742C13C4BBC100DDE138 /* btn_prev@2x.png in Resources */,
				0797742D13C4BBC100DDE138 /* dvd_off.png in Resources */,
				0797742E13C4BBC100DDE138 /* dvd_off@2k.png in Resources */,
				0797742F13C4BBC100DDE138 /* dvd_on.png in Resources */,
				0797743013C4BBC100DDE138 /* dvd_on@2x.png in Resources */,
				0797743113C4BBC100DDE138 /* movie_off.png in Resources */,
				0797743213C4BBC100DDE138 /* movie_off@2x.png in Resources */,
				0797743313C4BBC100DDE138 /* movie_on.png in Resources */,
				0797743413C4BBC100DDE138 /* movie_on@2x.png in Resources */,
				0797743513C4BBC100DDE138 /* off.png in Resources */,
				0797743613C4BBC100DDE138 /* off@2x.png in Resources */,
				0797743713C4BBC100DDE138 /* on.png in Resources */,
				0797743813C4BBC100DDE138 /* on@2x.png in Resources */,
				0797743913C4BBC100DDE138 /* return.png in Resources */,
				0797743A13C4BBC100DDE138 /* return@2x.png in Resources */,
				078F7F47143A932700F6DCFF /* NotifyView.xib in Resources */,
			);
			runOnlyForDeploymentPostprocessing = 0;
		};
/* End PBXResourcesBuildPhase section */

/* Begin PBXShellScriptBuildPhase section */
		0745F8C21431C4A30084CD0B /* ShellScript */ = {
			isa = PBXShellScriptBuildPhase;
			buildActionMask = 2147483647;
			files = (
			);
			inputPaths = (
			);
			outputPaths = (
			);
			runOnlyForDeploymentPostprocessing = 0;
			shellPath = /bin/sh;
			shellScript = "# Run the unit tests in this test bundle.\n\"${SYSTEM_DEVELOPER_DIR}/Tools/RunUnitTests\"\n";
		};
/* End PBXShellScriptBuildPhase section */

/* Begin PBXSourcesBuildPhase section */
		0745F8BF1431C4A30084CD0B /* Sources */ = {
			isa = PBXSourcesBuildPhase;
			buildActionMask = 2147483647;
			files = (
				0745F8D31431C4A30084CD0B /* LogicTest.m in Sources */,
			);
			runOnlyForDeploymentPostprocessing = 0;
		};
		07C58BF613B74001002832EE /* Sources */ = {
			isa = PBXSourcesBuildPhase;
			buildActionMask = 2147483647;
			files = (
				07C58C0C13B74001002832EE /* main.m in Sources */,
				07C58C0F13B74001002832EE /* RentalDayNotifierAppDelegate.m in Sources */,
				07C58C1513B74002002832EE /* FirstViewController.m in Sources */,
				07C58C1813B74002002832EE /* SecondViewController.m in Sources */,
				0723E58813B7486700DECC2C /* NotifyViewController.m in Sources */,
				0723E59613B7491400DECC2C /* EditViewController.m in Sources */,
				0723E5A013B7496600DECC2C /* InfoViewController.m in Sources */,
				0723E5A413B74B0200DECC2C /* SettingViewController.m in Sources */,
				0723E5AA13B74BAE00DECC2C /* CalendarViewController.m in Sources */,
				073E2C2113BC4B870094B1C3 /* Notification.m in Sources */,
				0797743F13C4C28900DDE138 /* UIToggle.m in Sources */,
				0765ACD413C6630B001B03F8 /* EditTableCellViewController.m in Sources */,
				0754B70213C80146002E68B0 /* EditIconToggle.m in Sources */,
				077E478A13C9188500BB3BF3 /* DatePatch.m in Sources */,
				077E478E13C9195800BB3BF3 /* RelativeDateTime.m in Sources */,
				0745F8EA1432E6600084CD0B /* PeriodPicker.m in Sources */,
				0745F8ED1432F42E0084CD0B /* NotifyPicker.m in Sources */,
				0745F8F0143301C10084CD0B /* NotificationDatePicker.m in Sources */,
				0745F8F314330F0F0084CD0B /* NotificationManager.m in Sources */,
				0745F8FA143316B70084CD0B /* KWSingleton.m in Sources */,
			);
			runOnlyForDeploymentPostprocessing = 0;
		};
/* End PBXSourcesBuildPhase section */

/* Begin PBXVariantGroup section */
		0745F8CD1431C4A30084CD0B /* InfoPlist.strings */ = {
			isa = PBXVariantGroup;
			children = (
				0745F8CE1431C4A30084CD0B /* en */,
			);
			name = InfoPlist.strings;
			sourceTree = "<group>";
		};
		0745F8E21431F6710084CD0B /* EditView.xib */ = {
			isa = PBXVariantGroup;
			children = (
				0745F8E11431F6710084CD0B /* en */,
				0745F8E31431F67B0084CD0B /* ja */,
			);
			name = EditView.xib;
			sourceTree = "<group>";
		};
		07C58C0713B74001002832EE /* InfoPlist.strings */ = {
			isa = PBXVariantGroup;
			children = (
				07C58C0813B74001002832EE /* en */,
			);
			name = InfoPlist.strings;
			sourceTree = "<group>";
		};
		07C58C1013B74001002832EE /* MainWindow.xib */ = {
			isa = PBXVariantGroup;
			children = (
				07C58C1113B74001002832EE /* en */,
				0745F8DF1431F6680084CD0B /* ja */,
			);
			name = MainWindow.xib;
			sourceTree = "<group>";
		};
		07C58C1913B74002002832EE /* FirstView.xib */ = {
			isa = PBXVariantGroup;
			children = (
				07C58C1A13B74002002832EE /* en */,
			);
			name = FirstView.xib;
			sourceTree = "<group>";
		};
		07C58C1C13B74002002832EE /* SecondView.xib */ = {
			isa = PBXVariantGroup;
			children = (
				07C58C1D13B74002002832EE /* en */,
			);
			name = SecondView.xib;
			sourceTree = "<group>";
		};
/* End PBXVariantGroup section */

/* Begin XCBuildConfiguration section */
		0745F8D61431C4A30084CD0B /* Debug */ = {
			isa = XCBuildConfiguration;
			buildSettings = {
				ALWAYS_SEARCH_USER_PATHS = NO;
				COPY_PHASE_STRIP = NO;
				FRAMEWORK_SEARCH_PATHS = (
					"$(SDKROOT)/Developer/Library/Frameworks",
					"$(DEVELOPER_LIBRARY_DIR)/Frameworks",
				);
				GCC_DYNAMIC_NO_PIC = NO;
				GCC_PRECOMPILE_PREFIX_HEADER = YES;
				GCC_PREFIX_HEADER = "LogicTest/LogicTest-Prefix.pch";
				GCC_PREPROCESSOR_DEFINITIONS = (
					"DEBUG=1",
					"$(inherited)",
				);
				GCC_WARN_ABOUT_MISSING_PROTOTYPES = YES;
				INFOPLIST_FILE = "LogicTest/LogicTest-Info.plist";
				PRODUCT_NAME = "$(TARGET_NAME)";
				WRAPPER_EXTENSION = octest;
			};
			name = Debug;
		};
		0745F8D71431C4A30084CD0B /* Release */ = {
			isa = XCBuildConfiguration;
			buildSettings = {
				ALWAYS_SEARCH_USER_PATHS = NO;
				COPY_PHASE_STRIP = YES;
				FRAMEWORK_SEARCH_PATHS = (
					"$(SDKROOT)/Developer/Library/Frameworks",
					"$(DEVELOPER_LIBRARY_DIR)/Frameworks",
				);
				GCC_PRECOMPILE_PREFIX_HEADER = YES;
				GCC_PREFIX_HEADER = "LogicTest/LogicTest-Prefix.pch";
				GCC_WARN_ABOUT_MISSING_PROTOTYPES = YES;
				INFOPLIST_FILE = "LogicTest/LogicTest-Info.plist";
				PRODUCT_NAME = "$(TARGET_NAME)";
				VALIDATE_PRODUCT = YES;
				WRAPPER_EXTENSION = octest;
			};
			name = Release;
		};
		07C58C1F13B74002002832EE /* Debug */ = {
			isa = XCBuildConfiguration;
			buildSettings = {
				ARCHS = "$(ARCHS_STANDARD_32_BIT)";
				"CODE_SIGN_IDENTITY[sdk=iphoneos*]" = "iPhone Developer";
				GCC_C_LANGUAGE_STANDARD = gnu99;
				GCC_OPTIMIZATION_LEVEL = 0;
				GCC_PREPROCESSOR_DEFINITIONS = DEBUG;
				GCC_SYMBOLS_PRIVATE_EXTERN = NO;
				GCC_VERSION = com.apple.compilers.llvmgcc42;
				GCC_WARN_ABOUT_RETURN_TYPE = YES;
				GCC_WARN_UNUSED_VARIABLE = YES;
				IPHONEOS_DEPLOYMENT_TARGET = 4.3;
				SDKROOT = iphoneos;
			};
			name = Debug;
		};
		07C58C2013B74002002832EE /* Release */ = {
			isa = XCBuildConfiguration;
			buildSettings = {
				ARCHS = "$(ARCHS_STANDARD_32_BIT)";
				"CODE_SIGN_IDENTITY[sdk=iphoneos*]" = "iPhone Developer";
				GCC_C_LANGUAGE_STANDARD = gnu99;
				GCC_VERSION = com.apple.compilers.llvmgcc42;
				GCC_WARN_ABOUT_RETURN_TYPE = YES;
				GCC_WARN_UNUSED_VARIABLE = YES;
				IPHONEOS_DEPLOYMENT_TARGET = 4.3;
				OTHER_CFLAGS = "-DNS_BLOCK_ASSERTIONS=1";
				SDKROOT = iphoneos;
			};
			name = Release;
		};
		07C58C2213B74002002832EE /* Debug */ = {
			isa = XCBuildConfiguration;
			buildSettings = {
				ALWAYS_SEARCH_USER_PATHS = NO;
				COPY_PHASE_STRIP = NO;
				GCC_DYNAMIC_NO_PIC = NO;
				GCC_PRECOMPILE_PREFIX_HEADER = YES;
				GCC_PREFIX_HEADER = "RentalDayNotifier/RentalDayNotifier-Prefix.pch";
				INFOPLIST_FILE = "RentalDayNotifier/RentalDayNotifier-Info.plist";
				PRODUCT_NAME = "$(TARGET_NAME)";
				WRAPPER_EXTENSION = app;
			};
			name = Debug;
		};
		07C58C2313B74002002832EE /* Release */ = {
			isa = XCBuildConfiguration;
			buildSettings = {
				ALWAYS_SEARCH_USER_PATHS = NO;
				COPY_PHASE_STRIP = YES;
				GCC_PRECOMPILE_PREFIX_HEADER = YES;
				GCC_PREFIX_HEADER = "RentalDayNotifier/RentalDayNotifier-Prefix.pch";
				INFOPLIST_FILE = "RentalDayNotifier/RentalDayNotifier-Info.plist";
				PRODUCT_NAME = "$(TARGET_NAME)";
				VALIDATE_PRODUCT = YES;
				WRAPPER_EXTENSION = app;
			};
			name = Release;
		};
/* End XCBuildConfiguration section */

/* Begin XCConfigurationList section */
		0745F8D51431C4A30084CD0B /* Build configuration list for PBXNativeTarget "LogicTest" */ = {
			isa = XCConfigurationList;
			buildConfigurations = (
				0745F8D61431C4A30084CD0B /* Debug */,
				0745F8D71431C4A30084CD0B /* Release */,
			);
			defaultConfigurationIsVisible = 0;
			defaultConfigurationName = Release;
		};
		07C58BF413B74001002832EE /* Build configuration list for PBXProject "RentalDayNotifier" */ = {
			isa = XCConfigurationList;
			buildConfigurations = (
				07C58C1F13B74002002832EE /* Debug */,
				07C58C2013B74002002832EE /* Release */,
			);
			defaultConfigurationIsVisible = 0;
			defaultConfigurationName = Release;
		};
		07C58C2113B74002002832EE /* Build configuration list for PBXNativeTarget "RentalDayNotifier" */ = {
			isa = XCConfigurationList;
			buildConfigurations = (
				07C58C2213B74002002832EE /* Debug */,
				07C58C2313B74002002832EE /* Release */,
			);
			defaultConfigurationIsVisible = 0;
			defaultConfigurationName = Release;
		};
/* End XCConfigurationList section */
	};
	rootObject = 07C58BF113B74001002832EE /* Project object */;
}
